
Microsoft Visual Studio Solution File, Format Version 12.00
# Visual Studio Version 17
VisualStudioVersion = 17.3.32929.385
MinimumVisualStudioVersion = 10.0.40219.1
Project("{FAE04EC0-301F-11D3-BF4B-00C04F79EFBC}") = "Html_Serializer", "Html_Serializer\Html_Serializer.csproj", "{5C05C5A4-69E8-447B-A747-ADF606FA6ED8}"
EndProject
Global
	GlobalSection(SolutionConfigurationPlatforms) = preSolution
		Debug|Any CPU = Debug|Any CPU
		Release|Any CPU = Release|Any CPU
	EndGlobalSection
	GlobalSection(ProjectConfigurationPlatforms) = postSolution
		{5C05C5A4-69E8-447B-A747-ADF606FA6ED8}.Debug|Any CPU.ActiveCfg = Debug|Any CPU
		{5C05C5A4-69E8-447B-A747-ADF606FA6ED8}.Debug|Any CPU.Build.0 = Debug|Any CPU
		{5C05C5A4-69E8-447B-A747-ADF606FA6ED8}.Release|Any CPU.ActiveCfg = Release|Any CPU
		{5C05C5A4-69E8-447B-A747-ADF606FA6ED8}.Release|Any CPU.Build.0 = Release|Any CPU
	EndGlobalSection
	GlobalSection(SolutionProperties) = preSolution
		HideSolutionNode = FALSE
	EndGlobalSection
	GlobalSection(ExtensibilityGlobals) = postSolution
		SolutionGuid = {AF0F37F5-7C0E-4917-A481-5FC92028B076}
	EndGlobalSection
EndGlobal
